
Microsoft Visual Studio Solution File, Format Version 12.00
# Visual Studio Version 16
VisualStudioVersion = 16.0.30320.27
MinimumVisualStudioVersion = 10.0.40219.1
Project("{FAE04EC0-301F-11D3-BF4B-00C04F79EFBC}") = "ASCOPC", "ASCOPC\ASCOPC.csproj", "{C3597FED-CBA8-474D-898B-9FEFB00DD58E}"
EndProject
Global
	GlobalSection(SolutionConfigurationPlatforms) = preSolution
		Debug|Any CPU = Debug|Any CPU
		Release|Any CPU = Release|Any CPU
	EndGlobalSection
	GlobalSection(ProjectConfigurationPlatforms) = postSolution
		{C3597FED-CBA8-474D-898B-9FEFB00DD58E}.Debug|Any CPU.ActiveCfg = Debug|Any CPU
		{C3597FED-CBA8-474D-898B-9FEFB00DD58E}.Debug|Any CPU.Build.0 = Debug|Any CPU
		{C3597FED-CBA8-474D-898B-9FEFB00DD58E}.Release|Any CPU.ActiveCfg = Release|Any CPU
		{C3597FED-CBA8-474D-898B-9FEFB00DD58E}.Release|Any CPU.Build.0 = Release|Any CPU
	EndGlobalSection
	GlobalSection(SolutionProperties) = preSolution
		HideSolutionNode = FALSE
	EndGlobalSection
	GlobalSection(ExtensibilityGlobals) = postSolution
		SolutionGuid = {770E3EA9-1C45-4EDD-8423-404F2D060C1E}
	EndGlobalSection
EndGlobal
