
Microsoft Visual Studio Solution File, Format Version 12.00
# Visual Studio Version 17
VisualStudioVersion = 17.0.31815.197
MinimumVisualStudioVersion = 10.0.40219.1
Project("{FAE04EC0-301F-11D3-BF4B-00C04F79EFBC}") = "ASCOPC.Client", "ASCOPC.Client\ASCOPC.Client.csproj", "{09CEB8B7-423D-4D5A-B8F9-3DE8D0897CB6}"
EndProject
Project("{FAE04EC0-301F-11D3-BF4B-00C04F79EFBC}") = "ASCOPC.Server", "ASCOPC.Server\ASCOPC.Server.csproj", "{ABFD8E8D-149A-4934-822A-EA38D2FC1695}"
EndProject
Project("{FAE04EC0-301F-11D3-BF4B-00C04F79EFBC}") = "ASOPC.Application", "ASOPC.Application\ASOPC.Application.csproj", "{4EE7E3FF-84F9-450D-B6C2-D3E9EEA755DC}"
EndProject
Project("{FAE04EC0-301F-11D3-BF4B-00C04F79EFBC}") = "ASCOPC.Domain", "ASCOPC.Domain\ASCOPC.Domain.csproj", "{33FDA614-479D-49EE-A28E-7362E1B569E7}"
EndProject
Project("{FAE04EC0-301F-11D3-BF4B-00C04F79EFBC}") = "ASCOPC.Infrastructure", "ASCOPC.Infrastructure\ASCOPC.Infrastructure.csproj", "{79E6074D-BB8E-4406-9031-E3D56FA25E8A}"
EndProject
Project("{FAE04EC0-301F-11D3-BF4B-00C04F79EFBC}") = "ASCOPC.Shared", "ASCOPC.Shared\ASCOPC.Shared.csproj", "{D2C86DBE-520E-4194-A4D3-FA044354B3E4}"
EndProject
Global
	GlobalSection(SolutionConfigurationPlatforms) = preSolution
		Debug|Any CPU = Debug|Any CPU
		Release|Any CPU = Release|Any CPU
	EndGlobalSection
	GlobalSection(ProjectConfigurationPlatforms) = postSolution
		{09CEB8B7-423D-4D5A-B8F9-3DE8D0897CB6}.Debug|Any CPU.ActiveCfg = Debug|Any CPU
		{09CEB8B7-423D-4D5A-B8F9-3DE8D0897CB6}.Debug|Any CPU.Build.0 = Debug|Any CPU
		{09CEB8B7-423D-4D5A-B8F9-3DE8D0897CB6}.Release|Any CPU.ActiveCfg = Release|Any CPU
		{09CEB8B7-423D-4D5A-B8F9-3DE8D0897CB6}.Release|Any CPU.Build.0 = Release|Any CPU
		{ABFD8E8D-149A-4934-822A-EA38D2FC1695}.Debug|Any CPU.ActiveCfg = Debug|Any CPU
		{ABFD8E8D-149A-4934-822A-EA38D2FC1695}.Debug|Any CPU.Build.0 = Debug|Any CPU
		{ABFD8E8D-149A-4934-822A-EA38D2FC1695}.Release|Any CPU.ActiveCfg = Release|Any CPU
		{ABFD8E8D-149A-4934-822A-EA38D2FC1695}.Release|Any CPU.Build.0 = Release|Any CPU
		{4EE7E3FF-84F9-450D-B6C2-D3E9EEA755DC}.Debug|Any CPU.ActiveCfg = Debug|Any CPU
		{4EE7E3FF-84F9-450D-B6C2-D3E9EEA755DC}.Debug|Any CPU.Build.0 = Debug|Any CPU
		{4EE7E3FF-84F9-450D-B6C2-D3E9EEA755DC}.Release|Any CPU.ActiveCfg = Release|Any CPU
		{4EE7E3FF-84F9-450D-B6C2-D3E9EEA755DC}.Release|Any CPU.Build.0 = Release|Any CPU
		{33FDA614-479D-49EE-A28E-7362E1B569E7}.Debug|Any CPU.ActiveCfg = Debug|Any CPU
		{33FDA614-479D-49EE-A28E-7362E1B569E7}.Debug|Any CPU.Build.0 = Debug|Any CPU
		{33FDA614-479D-49EE-A28E-7362E1B569E7}.Release|Any CPU.ActiveCfg = Release|Any CPU
		{33FDA614-479D-49EE-A28E-7362E1B569E7}.Release|Any CPU.Build.0 = Release|Any CPU
		{79E6074D-BB8E-4406-9031-E3D56FA25E8A}.Debug|Any CPU.ActiveCfg = Debug|Any CPU
		{79E6074D-BB8E-4406-9031-E3D56FA25E8A}.Debug|Any CPU.Build.0 = Debug|Any CPU
		{79E6074D-BB8E-4406-9031-E3D56FA25E8A}.Release|Any CPU.ActiveCfg = Release|Any CPU
		{79E6074D-BB8E-4406-9031-E3D56FA25E8A}.Release|Any CPU.Build.0 = Release|Any CPU
		{D2C86DBE-520E-4194-A4D3-FA044354B3E4}.Debug|Any CPU.ActiveCfg = Debug|Any CPU
		{D2C86DBE-520E-4194-A4D3-FA044354B3E4}.Debug|Any CPU.Build.0 = Debug|Any CPU
		{D2C86DBE-520E-4194-A4D3-FA044354B3E4}.Release|Any CPU.ActiveCfg = Release|Any CPU
		{D2C86DBE-520E-4194-A4D3-FA044354B3E4}.Release|Any CPU.Build.0 = Release|Any CPU
	EndGlobalSection
	GlobalSection(SolutionProperties) = preSolution
		HideSolutionNode = FALSE
	EndGlobalSection
	GlobalSection(ExtensibilityGlobals) = postSolution
		SolutionGuid = {1345B6F7-98FC-48A1-9D23-26223E9EF7B2}
	EndGlobalSection
EndGlobal
